
Microsoft Visual Studio Solution File, Format Version 12.00
# Visual Studio Version 16
VisualStudioVersion = 16.0.31005.135
MinimumVisualStudioVersion = 10.0.40219.1
Project("{9A19103F-16F7-4668-BE54-9A1E7A4F7556}") = "MoneyWatcher.Entities", "MoneyWatcher.Entities\MoneyWatcher.Entities.csproj", "{9C75F783-FD73-4A8C-897A-0ED09D49C87D}"
EndProject
Project("{FAE04EC0-301F-11D3-BF4B-00C04F79EFBC}") = "MoneyWatcher.Web", "MoneyWatcher.Web\MoneyWatcher.Web.csproj", "{2065590E-D77B-4FCC-A096-23293AD14D67}"
EndProject
Global
	GlobalSection(SolutionConfigurationPlatforms) = preSolution
		Debug|Any CPU = Debug|Any CPU
		Release|Any CPU = Release|Any CPU
	EndGlobalSection
	GlobalSection(ProjectConfigurationPlatforms) = postSolution
		{9C75F783-FD73-4A8C-897A-0ED09D49C87D}.Debug|Any CPU.ActiveCfg = Debug|Any CPU
		{9C75F783-FD73-4A8C-897A-0ED09D49C87D}.Debug|Any CPU.Build.0 = Debug|Any CPU
		{9C75F783-FD73-4A8C-897A-0ED09D49C87D}.Release|Any CPU.ActiveCfg = Release|Any CPU
		{9C75F783-FD73-4A8C-897A-0ED09D49C87D}.Release|Any CPU.Build.0 = Release|Any CPU
		{2065590E-D77B-4FCC-A096-23293AD14D67}.Debug|Any CPU.ActiveCfg = Debug|Any CPU
		{2065590E-D77B-4FCC-A096-23293AD14D67}.Debug|Any CPU.Build.0 = Debug|Any CPU
		{2065590E-D77B-4FCC-A096-23293AD14D67}.Release|Any CPU.ActiveCfg = Release|Any CPU
		{2065590E-D77B-4FCC-A096-23293AD14D67}.Release|Any CPU.Build.0 = Release|Any CPU
	EndGlobalSection
	GlobalSection(SolutionProperties) = preSolution
		HideSolutionNode = FALSE
	EndGlobalSection
	GlobalSection(ExtensibilityGlobals) = postSolution
		SolutionGuid = {29BAA0C6-A464-41F2-BDAE-C2F976908F7E}
	EndGlobalSection
EndGlobal
